<?xml version="1.0" encoding="utf-8"?>
<Project ToolsVersion="4.0" xmlns="http://schemas.microsoft.com/developer/msbuild/2003">
  <ItemGroup>
    <Filter Include="Source Files">
      <UniqueIdentifier>{4FC737F1-C7A5-4376-A066-2A32D752A2FF}</UniqueIdentifier>
      <Extensions>cpp;c;cc;cxx;c++;cppm;ixx;def;odl;idl;hpj;bat;asm;asmx</Extensions>
    </Filter>
    <Filter Include="Header Files">
      <UniqueIdentifier>{93995380-89BD-4b04-88EB-625FBE52EBFB}</UniqueIdentifier>
      <Extensions>h;hh;hpp;hxx;h++;hm;inl;inc;ipp;xsd</Extensions>
    </Filter>
    <Filter Include="Resource Files">
      <UniqueIdentifier>{67DA6AB6-F800-4c08-8B7A-83BB121AAD01}</UniqueIdentifier>
      <Extensions>rc;ico;cur;bmp;dlg;rc2;rct;bin;rgs;gif;jpg;jpeg;jpe;resx;tiff;tif;png;wav;mfcribbon-ms</Extensions>
    </Filter>
  </ItemGroup>
  <ItemGroup>
    <ClInclude Include="include\roleplay\ability.h">
      <Filter>Header Files</Filter>
    </ClInclude>
    <ClInclude Include="include\roleplay\buff.h">
      <Filter>Header Files</Filter>
    </ClInclude>
    <ClInclude Include="include\roleplay\corestats.h">
      <Filter>Header Files</Filter>
    </ClInclude>
    <ClInclude Include="include\roleplay\item.h">
      <Filter>Header Files</Filter>
    </ClInclude>
    <ClInclude Include="include\roleplay\item_manager.h">
      <Filter>Header Files</Filter>
    </ClInclude>
    <ClInclude Include="include\roleplay\playercharacter.h">
      <Filter>Header Files</Filter>
    </ClInclude>
    <ClInclude Include="include\roleplay\pointwell.h">
      <Filter>Header Files</Filter>
    </ClInclude>
    <ClInclude Include="include\roleplay\statblock.h">
      <Filter>Header Files</Filter>
    </ClInclude>
    <ClInclude Include="include\roleplay\types.h">
      <Filter>Header Files</Filter>
    </ClInclude>
    <ClInclude Include="include\roleplay\armor.h">
      <Filter>Header Files</Filter>
    </ClInclude>
    <ClInclude Include="include\roleplay\cleric.h">
      <Filter>Header Files</Filter>
    </ClInclude>
    <ClInclude Include="include\roleplay\monster.h">
      <Filter>Header Files</Filter>
    </ClInclude>
    <ClInclude Include="include\roleplay\playableclasses_fwd.h">
      <Filter>Header Files</Filter>
    </ClInclude>
    <ClInclude Include="include\roleplay\potion.h">
      <Filter>Header Files</Filter>
    </ClInclude>
    <ClInclude Include="include\roleplay\random.h">
      <Filter>Header Files</Filter>
    </ClInclude>
    <ClInclude Include="include\roleplay\rogue.h">
      <Filter>Header Files</Filter>
    </ClInclude>
    <ClInclude Include="include\roleplay\warrior.h">
      <Filter>Header Files</Filter>
    </ClInclude>
    <ClInclude Include="include\roleplay\weapon.h">
      <Filter>Header Files</Filter>
    </ClInclude>
    <ClInclude Include="include\roleplay\wizard.h">
      <Filter>Header Files</Filter>
    </ClInclude>
    <ClInclude Include="src\pc_macros.h">
      <Filter>Header Files</Filter>
    </ClInclude>
    <ClInclude Include="src\ch.h">
      <Filter>Header Files</Filter>
    </ClInclude>
  </ItemGroup>
  <ItemGroup>
    <ClCompile Include="src\item.cpp">
      <Filter>Source Files</Filter>
    </ClCompile>
    <ClCompile Include="src\ability.cpp">
      <Filter>Source Files</Filter>
    </ClCompile>
    <ClCompile Include="src\armor.cpp">
      <Filter>Source Files</Filter>
    </ClCompile>
    <ClCompile Include="src\buff.cpp">
      <Filter>Source Files</Filter>
    </ClCompile>
    <ClCompile Include="src\cleric.cpp">
      <Filter>Source Files</Filter>
    </ClCompile>
    <ClCompile Include="src\corestats.cpp">
      <Filter>Source Files</Filter>
    </ClCompile>
    <ClCompile Include="src\item_manager.cpp">
      <Filter>Source Files</Filter>
    </ClCompile>
    <ClCompile Include="src\monster.cpp">
      <Filter>Source Files</Filter>
    </ClCompile>
    <ClCompile Include="src\playercharacter.cpp">
      <Filter>Source Files</Filter>
    </ClCompile>
    <ClCompile Include="src\pointwell.cpp">
      <Filter>Source Files</Filter>
    </ClCompile>
    <ClCompile Include="src\potion.cpp">
      <Filter>Source Files</Filter>
    </ClCompile>
    <ClCompile Include="src\random.cpp">
      <Filter>Source Files</Filter>
    </ClCompile>
    <ClCompile Include="src\rogue.cpp">
      <Filter>Source Files</Filter>
    </ClCompile>
    <ClCompile Include="src\statblock.cpp">
      <Filter>Source Files</Filter>
    </ClCompile>
    <ClCompile Include="src\types.cpp">
      <Filter>Source Files</Filter>
    </ClCompile>
    <ClCompile Include="src\warrior.cpp">
      <Filter>Source Files</Filter>
    </ClCompile>
    <ClCompile Include="src\weapon.cpp">
      <Filter>Source Files</Filter>
    </ClCompile>
    <ClCompile Include="src\wizard.cpp">
      <Filter>Source Files</Filter>
    </ClCompile>
    <ClCompile Include="src\main.cpp">
      <Filter>Source Files</Filter>
    </ClCompile>
  </ItemGroup>
</Project>